
Microsoft Visual Studio Solution File, Format Version 12.00
# Visual Studio Express 2012 for Windows Desktop
Project("{8BC9CEB8-8B4A-11D0-8D11-00A0C91BC942}") = "btree_unit_test", "btree_unit_test\btree_unit_test.vcxproj", "{E66A140A-A833-49FA-BBC7-56E4034F8543}"
EndProject
Project("{8BC9CEB8-8B4A-11D0-8D11-00A0C91BC942}") = "stl_test", "stl_test\stl_test.vcxproj", "{3E0D6A30-14DC-42D2-8626-A35793DF26CA}"
EndProject
Project("{8BC9CEB8-8B4A-11D0-8D11-00A0C91BC942}") = "bt_time", "bt_time\bt_time.vcxproj", "{9224FD12-4839-4B04-8E40-16F8E088246B}"
EndProject
Project("{8BC9CEB8-8B4A-11D0-8D11-00A0C91BC942}") = "btree_dll", "btree_dll\btree_dll.vcxproj", "{61954631-3857-4C20-9E7C-1DA7BAAFF426}"
EndProject
Project("{8BC9CEB8-8B4A-11D0-8D11-00A0C91BC942}") = "binary_file_test", "binary_file_test\binary_file_test.vcxproj", "{8BBA1500-915B-43EB-8689-60E6C9D5C994}"
EndProject
Project("{8BC9CEB8-8B4A-11D0-8D11-00A0C91BC942}") = "buffer_manager_test", "buffer_manager_test\buffer_manager_test.vcxproj", "{1B1C18E5-6433-427D-A27D-A9471D640A5B}"
EndProject
Project("{8BC9CEB8-8B4A-11D0-8D11-00A0C91BC942}") = "string_box_test", "string_box_test\string_box_test.vcxproj", "{CEF69AC7-31D6-4E02-A2DC-DBEBB2960465}"
EndProject
Project("{8BC9CEB8-8B4A-11D0-8D11-00A0C91BC942}") = "large_file_test", "large_file_test\large_file_test.vcxproj", "{188F048F-5414-4D2C-81F4-2D6CBFC284DA}"
	ProjectSection(ProjectDependencies) = postProject
		{61954631-3857-4C20-9E7C-1DA7BAAFF426} = {61954631-3857-4C20-9E7C-1DA7BAAFF426}
	EndProjectSection
EndProject
Project("{8BC9CEB8-8B4A-11D0-8D11-00A0C91BC942}") = "set1", "set_example1\set_example1.vcxproj", "{B3A2057D-137B-46AB-A957-1E582E16D400}"
	ProjectSection(ProjectDependencies) = postProject
		{61954631-3857-4C20-9E7C-1DA7BAAFF426} = {61954631-3857-4C20-9E7C-1DA7BAAFF426}
	EndProjectSection
EndProject
Project("{8BC9CEB8-8B4A-11D0-8D11-00A0C91BC942}") = "map_example1", "map_example1\map_example1.vcxproj", "{46D2D577-1992-4083-B594-D7F093134FBA}"
	ProjectSection(ProjectDependencies) = postProject
		{61954631-3857-4C20-9E7C-1DA7BAAFF426} = {61954631-3857-4C20-9E7C-1DA7BAAFF426}
	EndProjectSection
EndProject
Project("{8BC9CEB8-8B4A-11D0-8D11-00A0C91BC942}") = "map_example2", "map_example2\map_example2.vcxproj", "{B87998A8-AC7D-4760-A55A-D3F6BCB2E1A0}"
	ProjectSection(ProjectDependencies) = postProject
		{61954631-3857-4C20-9E7C-1DA7BAAFF426} = {61954631-3857-4C20-9E7C-1DA7BAAFF426}
	EndProjectSection
EndProject
Project("{8BC9CEB8-8B4A-11D0-8D11-00A0C91BC942}") = "volume_create_data", "volume_create_data\volume_create_data.vcxproj", "{3F085761-C0F8-4C72-9239-2CF92FAC3A90}"
	ProjectSection(ProjectDependencies) = postProject
		{61954631-3857-4C20-9E7C-1DA7BAAFF426} = {61954631-3857-4C20-9E7C-1DA7BAAFF426}
	EndProjectSection
EndProject
Project("{8BC9CEB8-8B4A-11D0-8D11-00A0C91BC942}") = "bulk_load_test", "bulk_loader_test\bulk_loader_test.vcxproj", "{06A112E1-2CD4-40A1-938C-680093A75893}"
EndProject
Project("{8BC9CEB8-8B4A-11D0-8D11-00A0C91BC942}") = "mmf_experiment", "mmf_experiment\mmf_experiment.vcxproj", "{BB526282-6BDC-4D34-BC43-E939FA69A508}"
	ProjectSection(ProjectDependencies) = postProject
		{61954631-3857-4C20-9E7C-1DA7BAAFF426} = {61954631-3857-4C20-9E7C-1DA7BAAFF426}
	EndProjectSection
EndProject
Project("{8BC9CEB8-8B4A-11D0-8D11-00A0C91BC942}") = "mmff_unit_test", "mmff_unit_test\mmff_unit_test.vcxproj", "{2C1C6AF2-7864-45CC-A4C7-D5E424624153}"
	ProjectSection(ProjectDependencies) = postProject
		{61954631-3857-4C20-9E7C-1DA7BAAFF426} = {61954631-3857-4C20-9E7C-1DA7BAAFF426}
	EndProjectSection
EndProject
Project("{8BC9CEB8-8B4A-11D0-8D11-00A0C91BC942}") = "index_unit_test", "index_unit_test\index_unit_test.vcxproj", "{804710C2-4C7C-42F2-9524-3E90BA975917}"
	ProjectSection(ProjectDependencies) = postProject
		{61954631-3857-4C20-9E7C-1DA7BAAFF426} = {61954631-3857-4C20-9E7C-1DA7BAAFF426}
	EndProjectSection
EndProject
Project("{8BC9CEB8-8B4A-11D0-8D11-00A0C91BC942}") = "set2", "set2\set2.vcxproj", "{81AEFC9F-58B6-45B2-9D16-A1FC77E668FC}"
	ProjectSection(ProjectDependencies) = postProject
		{61954631-3857-4C20-9E7C-1DA7BAAFF426} = {61954631-3857-4C20-9E7C-1DA7BAAFF426}
	EndProjectSection
EndProject
Project("{8BC9CEB8-8B4A-11D0-8D11-00A0C91BC942}") = "set_read_file", "set_read_file\set_read_file.vcxproj", "{D9E8479D-8A09-4BA7-BC89-2AD17CF1335E}"
	ProjectSection(ProjectDependencies) = postProject
		{61954631-3857-4C20-9E7C-1DA7BAAFF426} = {61954631-3857-4C20-9E7C-1DA7BAAFF426}
	EndProjectSection
EndProject
Global
	GlobalSection(SolutionConfigurationPlatforms) = preSolution
		Debug|Mixed Platforms = Debug|Mixed Platforms
		Debug|Win32 = Debug|Win32
		Debug|x64 = Debug|x64
		Release|Mixed Platforms = Release|Mixed Platforms
		Release|Win32 = Release|Win32
		Release|x64 = Release|x64
	EndGlobalSection
	GlobalSection(ProjectConfigurationPlatforms) = postSolution
		{E66A140A-A833-49FA-BBC7-56E4034F8543}.Debug|Mixed Platforms.ActiveCfg = Debug|Win32
		{E66A140A-A833-49FA-BBC7-56E4034F8543}.Debug|Mixed Platforms.Build.0 = Debug|Win32
		{E66A140A-A833-49FA-BBC7-56E4034F8543}.Debug|Win32.ActiveCfg = Debug|Win32
		{E66A140A-A833-49FA-BBC7-56E4034F8543}.Debug|Win32.Build.0 = Debug|Win32
		{E66A140A-A833-49FA-BBC7-56E4034F8543}.Debug|x64.ActiveCfg = Debug|x64
		{E66A140A-A833-49FA-BBC7-56E4034F8543}.Debug|x64.Build.0 = Debug|x64
		{E66A140A-A833-49FA-BBC7-56E4034F8543}.Release|Mixed Platforms.ActiveCfg = Release|Win32
		{E66A140A-A833-49FA-BBC7-56E4034F8543}.Release|Mixed Platforms.Build.0 = Release|Win32
		{E66A140A-A833-49FA-BBC7-56E4034F8543}.Release|Win32.ActiveCfg = Release|Win32
		{E66A140A-A833-49FA-BBC7-56E4034F8543}.Release|Win32.Build.0 = Release|Win32
		{E66A140A-A833-49FA-BBC7-56E4034F8543}.Release|x64.ActiveCfg = Release|x64
		{E66A140A-A833-49FA-BBC7-56E4034F8543}.Release|x64.Build.0 = Release|x64
		{3E0D6A30-14DC-42D2-8626-A35793DF26CA}.Debug|Mixed Platforms.ActiveCfg = Debug|Win32
		{3E0D6A30-14DC-42D2-8626-A35793DF26CA}.Debug|Mixed Platforms.Build.0 = Debug|Win32
		{3E0D6A30-14DC-42D2-8626-A35793DF26CA}.Debug|Win32.ActiveCfg = Debug|Win32
		{3E0D6A30-14DC-42D2-8626-A35793DF26CA}.Debug|Win32.Build.0 = Debug|Win32
		{3E0D6A30-14DC-42D2-8626-A35793DF26CA}.Debug|x64.ActiveCfg = Debug|x64
		{3E0D6A30-14DC-42D2-8626-A35793DF26CA}.Debug|x64.Build.0 = Debug|x64
		{3E0D6A30-14DC-42D2-8626-A35793DF26CA}.Release|Mixed Platforms.ActiveCfg = Release|Win32
		{3E0D6A30-14DC-42D2-8626-A35793DF26CA}.Release|Mixed Platforms.Build.0 = Release|Win32
		{3E0D6A30-14DC-42D2-8626-A35793DF26CA}.Release|Win32.ActiveCfg = Release|Win32
		{3E0D6A30-14DC-42D2-8626-A35793DF26CA}.Release|Win32.Build.0 = Release|Win32
		{3E0D6A30-14DC-42D2-8626-A35793DF26CA}.Release|x64.ActiveCfg = Release|x64
		{3E0D6A30-14DC-42D2-8626-A35793DF26CA}.Release|x64.Build.0 = Release|x64
		{9224FD12-4839-4B04-8E40-16F8E088246B}.Debug|Mixed Platforms.ActiveCfg = Debug|Win32
		{9224FD12-4839-4B04-8E40-16F8E088246B}.Debug|Mixed Platforms.Build.0 = Debug|Win32
		{9224FD12-4839-4B04-8E40-16F8E088246B}.Debug|Win32.ActiveCfg = Debug|Win32
		{9224FD12-4839-4B04-8E40-16F8E088246B}.Debug|Win32.Build.0 = Debug|Win32
		{9224FD12-4839-4B04-8E40-16F8E088246B}.Debug|x64.ActiveCfg = Debug|x64
		{9224FD12-4839-4B04-8E40-16F8E088246B}.Debug|x64.Build.0 = Debug|x64
		{9224FD12-4839-4B04-8E40-16F8E088246B}.Release|Mixed Platforms.ActiveCfg = Release|Win32
		{9224FD12-4839-4B04-8E40-16F8E088246B}.Release|Mixed Platforms.Build.0 = Release|Win32
		{9224FD12-4839-4B04-8E40-16F8E088246B}.Release|Win32.ActiveCfg = Release|Win32
		{9224FD12-4839-4B04-8E40-16F8E088246B}.Release|Win32.Build.0 = Release|Win32
		{9224FD12-4839-4B04-8E40-16F8E088246B}.Release|x64.ActiveCfg = Release|x64
		{9224FD12-4839-4B04-8E40-16F8E088246B}.Release|x64.Build.0 = Release|x64
		{61954631-3857-4C20-9E7C-1DA7BAAFF426}.Debug|Mixed Platforms.ActiveCfg = Debug|Win32
		{61954631-3857-4C20-9E7C-1DA7BAAFF426}.Debug|Mixed Platforms.Build.0 = Debug|Win32
		{61954631-3857-4C20-9E7C-1DA7BAAFF426}.Debug|Win32.ActiveCfg = Debug|Win32
		{61954631-3857-4C20-9E7C-1DA7BAAFF426}.Debug|Win32.Build.0 = Debug|Win32
		{61954631-3857-4C20-9E7C-1DA7BAAFF426}.Debug|x64.ActiveCfg = Debug|x64
		{61954631-3857-4C20-9E7C-1DA7BAAFF426}.Debug|x64.Build.0 = Debug|x64
		{61954631-3857-4C20-9E7C-1DA7BAAFF426}.Release|Mixed Platforms.ActiveCfg = Release|Win32
		{61954631-3857-4C20-9E7C-1DA7BAAFF426}.Release|Mixed Platforms.Build.0 = Release|Win32
		{61954631-3857-4C20-9E7C-1DA7BAAFF426}.Release|Win32.ActiveCfg = Release|Win32
		{61954631-3857-4C20-9E7C-1DA7BAAFF426}.Release|Win32.Build.0 = Release|Win32
		{61954631-3857-4C20-9E7C-1DA7BAAFF426}.Release|x64.ActiveCfg = Release|x64
		{61954631-3857-4C20-9E7C-1DA7BAAFF426}.Release|x64.Build.0 = Release|x64
		{8BBA1500-915B-43EB-8689-60E6C9D5C994}.Debug|Mixed Platforms.ActiveCfg = Debug|Win32
		{8BBA1500-915B-43EB-8689-60E6C9D5C994}.Debug|Mixed Platforms.Build.0 = Debug|Win32
		{8BBA1500-915B-43EB-8689-60E6C9D5C994}.Debug|Win32.ActiveCfg = Debug|Win32
		{8BBA1500-915B-43EB-8689-60E6C9D5C994}.Debug|Win32.Build.0 = Debug|Win32
		{8BBA1500-915B-43EB-8689-60E6C9D5C994}.Debug|x64.ActiveCfg = Debug|x64
		{8BBA1500-915B-43EB-8689-60E6C9D5C994}.Debug|x64.Build.0 = Debug|x64
		{8BBA1500-915B-43EB-8689-60E6C9D5C994}.Release|Mixed Platforms.ActiveCfg = Release|Win32
		{8BBA1500-915B-43EB-8689-60E6C9D5C994}.Release|Mixed Platforms.Build.0 = Release|Win32
		{8BBA1500-915B-43EB-8689-60E6C9D5C994}.Release|Win32.ActiveCfg = Release|Win32
		{8BBA1500-915B-43EB-8689-60E6C9D5C994}.Release|Win32.Build.0 = Release|Win32
		{8BBA1500-915B-43EB-8689-60E6C9D5C994}.Release|x64.ActiveCfg = Release|x64
		{8BBA1500-915B-43EB-8689-60E6C9D5C994}.Release|x64.Build.0 = Release|x64
		{1B1C18E5-6433-427D-A27D-A9471D640A5B}.Debug|Mixed Platforms.ActiveCfg = Debug|Win32
		{1B1C18E5-6433-427D-A27D-A9471D640A5B}.Debug|Mixed Platforms.Build.0 = Debug|Win32
		{1B1C18E5-6433-427D-A27D-A9471D640A5B}.Debug|Win32.ActiveCfg = Debug|Win32
		{1B1C18E5-6433-427D-A27D-A9471D640A5B}.Debug|Win32.Build.0 = Debug|Win32
		{1B1C18E5-6433-427D-A27D-A9471D640A5B}.Debug|x64.ActiveCfg = Debug|x64
		{1B1C18E5-6433-427D-A27D-A9471D640A5B}.Debug|x64.Build.0 = Debug|x64
		{1B1C18E5-6433-427D-A27D-A9471D640A5B}.Release|Mixed Platforms.ActiveCfg = Release|Win32
		{1B1C18E5-6433-427D-A27D-A9471D640A5B}.Release|Mixed Platforms.Build.0 = Release|Win32
		{1B1C18E5-6433-427D-A27D-A9471D640A5B}.Release|Win32.ActiveCfg = Release|Win32
		{1B1C18E5-6433-427D-A27D-A9471D640A5B}.Release|Win32.Build.0 = Release|Win32
		{1B1C18E5-6433-427D-A27D-A9471D640A5B}.Release|x64.ActiveCfg = Release|x64
		{1B1C18E5-6433-427D-A27D-A9471D640A5B}.Release|x64.Build.0 = Release|x64
		{CEF69AC7-31D6-4E02-A2DC-DBEBB2960465}.Debug|Mixed Platforms.ActiveCfg = Debug|Win32
		{CEF69AC7-31D6-4E02-A2DC-DBEBB2960465}.Debug|Mixed Platforms.Build.0 = Debug|Win32
		{CEF69AC7-31D6-4E02-A2DC-DBEBB2960465}.Debug|Win32.ActiveCfg = Debug|Win32
		{CEF69AC7-31D6-4E02-A2DC-DBEBB2960465}.Debug|Win32.Build.0 = Debug|Win32
		{CEF69AC7-31D6-4E02-A2DC-DBEBB2960465}.Debug|x64.ActiveCfg = Debug|x64
		{CEF69AC7-31D6-4E02-A2DC-DBEBB2960465}.Debug|x64.Build.0 = Debug|x64
		{CEF69AC7-31D6-4E02-A2DC-DBEBB2960465}.Release|Mixed Platforms.ActiveCfg = Release|Win32
		{CEF69AC7-31D6-4E02-A2DC-DBEBB2960465}.Release|Mixed Platforms.Build.0 = Release|Win32
		{CEF69AC7-31D6-4E02-A2DC-DBEBB2960465}.Release|Win32.ActiveCfg = Release|Win32
		{CEF69AC7-31D6-4E02-A2DC-DBEBB2960465}.Release|Win32.Build.0 = Release|Win32
		{CEF69AC7-31D6-4E02-A2DC-DBEBB2960465}.Release|x64.ActiveCfg = Release|x64
		{CEF69AC7-31D6-4E02-A2DC-DBEBB2960465}.Release|x64.Build.0 = Release|x64
		{188F048F-5414-4D2C-81F4-2D6CBFC284DA}.Debug|Mixed Platforms.ActiveCfg = Debug|Win32
		{188F048F-5414-4D2C-81F4-2D6CBFC284DA}.Debug|Mixed Platforms.Build.0 = Debug|Win32
		{188F048F-5414-4D2C-81F4-2D6CBFC284DA}.Debug|Win32.ActiveCfg = Debug|Win32
		{188F048F-5414-4D2C-81F4-2D6CBFC284DA}.Debug|Win32.Build.0 = Debug|Win32
		{188F048F-5414-4D2C-81F4-2D6CBFC284DA}.Debug|x64.ActiveCfg = Debug|x64
		{188F048F-5414-4D2C-81F4-2D6CBFC284DA}.Debug|x64.Build.0 = Debug|x64
		{188F048F-5414-4D2C-81F4-2D6CBFC284DA}.Release|Mixed Platforms.ActiveCfg = Release|Win32
		{188F048F-5414-4D2C-81F4-2D6CBFC284DA}.Release|Mixed Platforms.Build.0 = Release|Win32
		{188F048F-5414-4D2C-81F4-2D6CBFC284DA}.Release|Win32.ActiveCfg = Release|Win32
		{188F048F-5414-4D2C-81F4-2D6CBFC284DA}.Release|Win32.Build.0 = Release|Win32
		{188F048F-5414-4D2C-81F4-2D6CBFC284DA}.Release|x64.ActiveCfg = Release|x64
		{188F048F-5414-4D2C-81F4-2D6CBFC284DA}.Release|x64.Build.0 = Release|x64
		{B3A2057D-137B-46AB-A957-1E582E16D400}.Debug|Mixed Platforms.ActiveCfg = Debug|Win32
		{B3A2057D-137B-46AB-A957-1E582E16D400}.Debug|Mixed Platforms.Build.0 = Debug|Win32
		{B3A2057D-137B-46AB-A957-1E582E16D400}.Debug|Win32.ActiveCfg = Debug|Win32
		{B3A2057D-137B-46AB-A957-1E582E16D400}.Debug|Win32.Build.0 = Debug|Win32
		{B3A2057D-137B-46AB-A957-1E582E16D400}.Debug|x64.ActiveCfg = Debug|x64
		{B3A2057D-137B-46AB-A957-1E582E16D400}.Debug|x64.Build.0 = Debug|x64
		{B3A2057D-137B-46AB-A957-1E582E16D400}.Release|Mixed Platforms.ActiveCfg = Release|Win32
		{B3A2057D-137B-46AB-A957-1E582E16D400}.Release|Mixed Platforms.Build.0 = Release|Win32
		{B3A2057D-137B-46AB-A957-1E582E16D400}.Release|Win32.ActiveCfg = Release|Win32
		{B3A2057D-137B-46AB-A957-1E582E16D400}.Release|Win32.Build.0 = Release|Win32
		{B3A2057D-137B-46AB-A957-1E582E16D400}.Release|x64.ActiveCfg = Release|x64
		{B3A2057D-137B-46AB-A957-1E582E16D400}.Release|x64.Build.0 = Release|x64
		{46D2D577-1992-4083-B594-D7F093134FBA}.Debug|Mixed Platforms.ActiveCfg = Debug|Win32
		{46D2D577-1992-4083-B594-D7F093134FBA}.Debug|Mixed Platforms.Build.0 = Debug|Win32
		{46D2D577-1992-4083-B594-D7F093134FBA}.Debug|Win32.ActiveCfg = Debug|Win32
		{46D2D577-1992-4083-B594-D7F093134FBA}.Debug|Win32.Build.0 = Debug|Win32
		{46D2D577-1992-4083-B594-D7F093134FBA}.Debug|x64.ActiveCfg = Debug|x64
		{46D2D577-1992-4083-B594-D7F093134FBA}.Debug|x64.Build.0 = Debug|x64
		{46D2D577-1992-4083-B594-D7F093134FBA}.Release|Mixed Platforms.ActiveCfg = Release|Win32
		{46D2D577-1992-4083-B594-D7F093134FBA}.Release|Mixed Platforms.Build.0 = Release|Win32
		{46D2D577-1992-4083-B594-D7F093134FBA}.Release|Win32.ActiveCfg = Release|Win32
		{46D2D577-1992-4083-B594-D7F093134FBA}.Release|Win32.Build.0 = Release|Win32
		{46D2D577-1992-4083-B594-D7F093134FBA}.Release|x64.ActiveCfg = Release|x64
		{46D2D577-1992-4083-B594-D7F093134FBA}.Release|x64.Build.0 = Release|x64
		{B87998A8-AC7D-4760-A55A-D3F6BCB2E1A0}.Debug|Mixed Platforms.ActiveCfg = Debug|Win32
		{B87998A8-AC7D-4760-A55A-D3F6BCB2E1A0}.Debug|Mixed Platforms.Build.0 = Debug|Win32
		{B87998A8-AC7D-4760-A55A-D3F6BCB2E1A0}.Debug|Win32.ActiveCfg = Debug|Win32
		{B87998A8-AC7D-4760-A55A-D3F6BCB2E1A0}.Debug|Win32.Build.0 = Debug|Win32
		{B87998A8-AC7D-4760-A55A-D3F6BCB2E1A0}.Debug|x64.ActiveCfg = Debug|x64
		{B87998A8-AC7D-4760-A55A-D3F6BCB2E1A0}.Release|Mixed Platforms.ActiveCfg = Release|Win32
		{B87998A8-AC7D-4760-A55A-D3F6BCB2E1A0}.Release|Mixed Platforms.Build.0 = Release|Win32
		{B87998A8-AC7D-4760-A55A-D3F6BCB2E1A0}.Release|Win32.ActiveCfg = Release|Win32
		{B87998A8-AC7D-4760-A55A-D3F6BCB2E1A0}.Release|Win32.Build.0 = Release|Win32
		{B87998A8-AC7D-4760-A55A-D3F6BCB2E1A0}.Release|x64.ActiveCfg = Release|x64
		{3F085761-C0F8-4C72-9239-2CF92FAC3A90}.Debug|Mixed Platforms.ActiveCfg = Debug|Win32
		{3F085761-C0F8-4C72-9239-2CF92FAC3A90}.Debug|Mixed Platforms.Build.0 = Debug|Win32
		{3F085761-C0F8-4C72-9239-2CF92FAC3A90}.Debug|Win32.ActiveCfg = Debug|Win32
		{3F085761-C0F8-4C72-9239-2CF92FAC3A90}.Debug|Win32.Build.0 = Debug|Win32
		{3F085761-C0F8-4C72-9239-2CF92FAC3A90}.Debug|x64.ActiveCfg = Debug|x64
		{3F085761-C0F8-4C72-9239-2CF92FAC3A90}.Release|Mixed Platforms.ActiveCfg = Release|Win32
		{3F085761-C0F8-4C72-9239-2CF92FAC3A90}.Release|Mixed Platforms.Build.0 = Release|Win32
		{3F085761-C0F8-4C72-9239-2CF92FAC3A90}.Release|Win32.ActiveCfg = Release|Win32
		{3F085761-C0F8-4C72-9239-2CF92FAC3A90}.Release|Win32.Build.0 = Release|Win32
		{3F085761-C0F8-4C72-9239-2CF92FAC3A90}.Release|x64.ActiveCfg = Release|x64
		{06A112E1-2CD4-40A1-938C-680093A75893}.Debug|Mixed Platforms.ActiveCfg = Debug|Win32
		{06A112E1-2CD4-40A1-938C-680093A75893}.Debug|Mixed Platforms.Build.0 = Debug|Win32
		{06A112E1-2CD4-40A1-938C-680093A75893}.Debug|Win32.ActiveCfg = Debug|Win32
		{06A112E1-2CD4-40A1-938C-680093A75893}.Debug|Win32.Build.0 = Debug|Win32
		{06A112E1-2CD4-40A1-938C-680093A75893}.Debug|x64.ActiveCfg = Debug|x64
		{06A112E1-2CD4-40A1-938C-680093A75893}.Release|Mixed Platforms.ActiveCfg = Release|Win32
		{06A112E1-2CD4-40A1-938C-680093A75893}.Release|Mixed Platforms.Build.0 = Release|Win32
		{06A112E1-2CD4-40A1-938C-680093A75893}.Release|Win32.ActiveCfg = Release|Win32
		{06A112E1-2CD4-40A1-938C-680093A75893}.Release|Win32.Build.0 = Release|Win32
		{06A112E1-2CD4-40A1-938C-680093A75893}.Release|x64.ActiveCfg = Release|x64
		{BB526282-6BDC-4D34-BC43-E939FA69A508}.Debug|Mixed Platforms.ActiveCfg = Debug|Win32
		{BB526282-6BDC-4D34-BC43-E939FA69A508}.Debug|Mixed Platforms.Build.0 = Debug|Win32
		{BB526282-6BDC-4D34-BC43-E939FA69A508}.Debug|Win32.ActiveCfg = Debug|Win32
		{BB526282-6BDC-4D34-BC43-E939FA69A508}.Debug|Win32.Build.0 = Debug|Win32
		{BB526282-6BDC-4D34-BC43-E939FA69A508}.Debug|x64.ActiveCfg = Debug|x64
		{BB526282-6BDC-4D34-BC43-E939FA69A508}.Release|Mixed Platforms.ActiveCfg = Release|Win32
		{BB526282-6BDC-4D34-BC43-E939FA69A508}.Release|Mixed Platforms.Build.0 = Release|Win32
		{BB526282-6BDC-4D34-BC43-E939FA69A508}.Release|Win32.ActiveCfg = Release|Win32
		{BB526282-6BDC-4D34-BC43-E939FA69A508}.Release|Win32.Build.0 = Release|Win32
		{BB526282-6BDC-4D34-BC43-E939FA69A508}.Release|x64.ActiveCfg = Release|x64
		{2C1C6AF2-7864-45CC-A4C7-D5E424624153}.Debug|Mixed Platforms.ActiveCfg = Debug|Win32
		{2C1C6AF2-7864-45CC-A4C7-D5E424624153}.Debug|Mixed Platforms.Build.0 = Debug|Win32
		{2C1C6AF2-7864-45CC-A4C7-D5E424624153}.Debug|Win32.ActiveCfg = Debug|Win32
		{2C1C6AF2-7864-45CC-A4C7-D5E424624153}.Debug|Win32.Build.0 = Debug|Win32
		{2C1C6AF2-7864-45CC-A4C7-D5E424624153}.Debug|x64.ActiveCfg = Debug|x64
		{2C1C6AF2-7864-45CC-A4C7-D5E424624153}.Debug|x64.Build.0 = Debug|x64
		{2C1C6AF2-7864-45CC-A4C7-D5E424624153}.Release|Mixed Platforms.ActiveCfg = Release|Win32
		{2C1C6AF2-7864-45CC-A4C7-D5E424624153}.Release|Mixed Platforms.Build.0 = Release|Win32
		{2C1C6AF2-7864-45CC-A4C7-D5E424624153}.Release|Win32.ActiveCfg = Release|Win32
		{2C1C6AF2-7864-45CC-A4C7-D5E424624153}.Release|Win32.Build.0 = Release|Win32
		{2C1C6AF2-7864-45CC-A4C7-D5E424624153}.Release|x64.ActiveCfg = Release|x64
		{2C1C6AF2-7864-45CC-A4C7-D5E424624153}.Release|x64.Build.0 = Release|x64
		{804710C2-4C7C-42F2-9524-3E90BA975917}.Debug|Mixed Platforms.ActiveCfg = Debug|Win32
		{804710C2-4C7C-42F2-9524-3E90BA975917}.Debug|Mixed Platforms.Build.0 = Debug|Win32
		{804710C2-4C7C-42F2-9524-3E90BA975917}.Debug|Win32.ActiveCfg = Debug|Win32
		{804710C2-4C7C-42F2-9524-3E90BA975917}.Debug|Win32.Build.0 = Debug|Win32
		{804710C2-4C7C-42F2-9524-3E90BA975917}.Debug|x64.ActiveCfg = Debug|x64
		{804710C2-4C7C-42F2-9524-3E90BA975917}.Debug|x64.Build.0 = Debug|x64
		{804710C2-4C7C-42F2-9524-3E90BA975917}.Release|Mixed Platforms.ActiveCfg = Release|Win32
		{804710C2-4C7C-42F2-9524-3E90BA975917}.Release|Mixed Platforms.Build.0 = Release|Win32
		{804710C2-4C7C-42F2-9524-3E90BA975917}.Release|Win32.ActiveCfg = Release|Win32
		{804710C2-4C7C-42F2-9524-3E90BA975917}.Release|Win32.Build.0 = Release|Win32
		{804710C2-4C7C-42F2-9524-3E90BA975917}.Release|x64.ActiveCfg = Release|x64
		{804710C2-4C7C-42F2-9524-3E90BA975917}.Release|x64.Build.0 = Release|x64
		{81AEFC9F-58B6-45B2-9D16-A1FC77E668FC}.Debug|Mixed Platforms.ActiveCfg = Debug|Win32
		{81AEFC9F-58B6-45B2-9D16-A1FC77E668FC}.Debug|Mixed Platforms.Build.0 = Debug|Win32
		{81AEFC9F-58B6-45B2-9D16-A1FC77E668FC}.Debug|Win32.ActiveCfg = Debug|Win32
		{81AEFC9F-58B6-45B2-9D16-A1FC77E668FC}.Debug|Win32.Build.0 = Debug|Win32
		{81AEFC9F-58B6-45B2-9D16-A1FC77E668FC}.Debug|x64.ActiveCfg = Debug|x64
		{81AEFC9F-58B6-45B2-9D16-A1FC77E668FC}.Debug|x64.Build.0 = Debug|x64
		{81AEFC9F-58B6-45B2-9D16-A1FC77E668FC}.Release|Mixed Platforms.ActiveCfg = Release|Win32
		{81AEFC9F-58B6-45B2-9D16-A1FC77E668FC}.Release|Mixed Platforms.Build.0 = Release|Win32
		{81AEFC9F-58B6-45B2-9D16-A1FC77E668FC}.Release|Win32.ActiveCfg = Release|Win32
		{81AEFC9F-58B6-45B2-9D16-A1FC77E668FC}.Release|Win32.Build.0 = Release|Win32
		{81AEFC9F-58B6-45B2-9D16-A1FC77E668FC}.Release|x64.ActiveCfg = Release|x64
		{81AEFC9F-58B6-45B2-9D16-A1FC77E668FC}.Release|x64.Build.0 = Release|x64
		{D9E8479D-8A09-4BA7-BC89-2AD17CF1335E}.Debug|Mixed Platforms.ActiveCfg = Debug|Win32
		{D9E8479D-8A09-4BA7-BC89-2AD17CF1335E}.Debug|Mixed Platforms.Build.0 = Debug|Win32
		{D9E8479D-8A09-4BA7-BC89-2AD17CF1335E}.Debug|Win32.ActiveCfg = Debug|Win32
		{D9E8479D-8A09-4BA7-BC89-2AD17CF1335E}.Debug|Win32.Build.0 = Debug|Win32
		{D9E8479D-8A09-4BA7-BC89-2AD17CF1335E}.Debug|x64.ActiveCfg = Debug|x64
		{D9E8479D-8A09-4BA7-BC89-2AD17CF1335E}.Release|Mixed Platforms.ActiveCfg = Release|Win32
		{D9E8479D-8A09-4BA7-BC89-2AD17CF1335E}.Release|Mixed Platforms.Build.0 = Release|Win32
		{D9E8479D-8A09-4BA7-BC89-2AD17CF1335E}.Release|Win32.ActiveCfg = Release|Win32
		{D9E8479D-8A09-4BA7-BC89-2AD17CF1335E}.Release|Win32.Build.0 = Release|Win32
		{D9E8479D-8A09-4BA7-BC89-2AD17CF1335E}.Release|x64.ActiveCfg = Release|x64
	EndGlobalSection
	GlobalSection(SolutionProperties) = preSolution
		HideSolutionNode = FALSE
	EndGlobalSection
EndGlobal
