
Microsoft Visual Studio Solution File, Format Version 11.00
# Visual C++ Express 2010
Project("{8BC9CEB8-8B4A-11D0-8D11-00A0C91BC942}") = "system_dll", "system_dll\system_dll.vcxproj", "{2558C6E2-046F-441D-9515-0FAB44F5A22E}"
EndProject
Project("{8BC9CEB8-8B4A-11D0-8D11-00A0C91BC942}") = "filesystem_dll", "filesystem_dll\filesystem_dll.vcxproj", "{2AAD90AC-4FD3-422F-9E99-1CEA3EF092ED}"
EndProject
Project("{8BC9CEB8-8B4A-11D0-8D11-00A0C91BC942}") = "btree_unit_test", "btree_unit_test\btree_unit_test.vcxproj", "{E66A140A-A833-49FA-BBC7-56E4034F8543}"
EndProject
Project("{8BC9CEB8-8B4A-11D0-8D11-00A0C91BC942}") = "stl_equivalence_test", "stl_equivalence_test\stl_equivalence_test.vcxproj", "{3E0D6A30-14DC-42D2-8626-A35793DF26CA}"
	ProjectSection(ProjectDependencies) = postProject
		{2AAD90AC-4FD3-422F-9E99-1CEA3EF092ED} = {2AAD90AC-4FD3-422F-9E99-1CEA3EF092ED}
		{2558C6E2-046F-441D-9515-0FAB44F5A22E} = {2558C6E2-046F-441D-9515-0FAB44F5A22E}
	EndProjectSection
EndProject
Project("{8BC9CEB8-8B4A-11D0-8D11-00A0C91BC942}") = "bt_time", "bt_time\bt_time.vcxproj", "{9224FD12-4839-4B04-8E40-16F8E088246B}"
	ProjectSection(ProjectDependencies) = postProject
		{2AAD90AC-4FD3-422F-9E99-1CEA3EF092ED} = {2AAD90AC-4FD3-422F-9E99-1CEA3EF092ED}
		{2558C6E2-046F-441D-9515-0FAB44F5A22E} = {2558C6E2-046F-441D-9515-0FAB44F5A22E}
	EndProjectSection
EndProject
Project("{8BC9CEB8-8B4A-11D0-8D11-00A0C91BC942}") = "btree_dll", "btree_dll\btree_dll.vcxproj", "{61954631-3857-4C20-9E7C-1DA7BAAFF426}"
	ProjectSection(ProjectDependencies) = postProject
		{2AAD90AC-4FD3-422F-9E99-1CEA3EF092ED} = {2AAD90AC-4FD3-422F-9E99-1CEA3EF092ED}
		{2558C6E2-046F-441D-9515-0FAB44F5A22E} = {2558C6E2-046F-441D-9515-0FAB44F5A22E}
	EndProjectSection
EndProject
Global
	GlobalSection(SolutionConfigurationPlatforms) = preSolution
		Debug|Win32 = Debug|Win32
		Release|Win32 = Release|Win32
	EndGlobalSection
	GlobalSection(ProjectConfigurationPlatforms) = postSolution
		{2558C6E2-046F-441D-9515-0FAB44F5A22E}.Debug|Win32.ActiveCfg = Debug|Win32
		{2558C6E2-046F-441D-9515-0FAB44F5A22E}.Debug|Win32.Build.0 = Debug|Win32
		{2558C6E2-046F-441D-9515-0FAB44F5A22E}.Release|Win32.ActiveCfg = Release|Win32
		{2558C6E2-046F-441D-9515-0FAB44F5A22E}.Release|Win32.Build.0 = Release|Win32
		{2AAD90AC-4FD3-422F-9E99-1CEA3EF092ED}.Debug|Win32.ActiveCfg = Debug|Win32
		{2AAD90AC-4FD3-422F-9E99-1CEA3EF092ED}.Debug|Win32.Build.0 = Debug|Win32
		{2AAD90AC-4FD3-422F-9E99-1CEA3EF092ED}.Release|Win32.ActiveCfg = Release|Win32
		{2AAD90AC-4FD3-422F-9E99-1CEA3EF092ED}.Release|Win32.Build.0 = Release|Win32
		{E66A140A-A833-49FA-BBC7-56E4034F8543}.Debug|Win32.ActiveCfg = Debug|Win32
		{E66A140A-A833-49FA-BBC7-56E4034F8543}.Debug|Win32.Build.0 = Debug|Win32
		{E66A140A-A833-49FA-BBC7-56E4034F8543}.Release|Win32.ActiveCfg = Release|Win32
		{E66A140A-A833-49FA-BBC7-56E4034F8543}.Release|Win32.Build.0 = Release|Win32
		{3E0D6A30-14DC-42D2-8626-A35793DF26CA}.Debug|Win32.ActiveCfg = Debug|Win32
		{3E0D6A30-14DC-42D2-8626-A35793DF26CA}.Debug|Win32.Build.0 = Debug|Win32
		{3E0D6A30-14DC-42D2-8626-A35793DF26CA}.Release|Win32.ActiveCfg = Release|Win32
		{3E0D6A30-14DC-42D2-8626-A35793DF26CA}.Release|Win32.Build.0 = Release|Win32
		{9224FD12-4839-4B04-8E40-16F8E088246B}.Debug|Win32.ActiveCfg = Debug|Win32
		{9224FD12-4839-4B04-8E40-16F8E088246B}.Debug|Win32.Build.0 = Debug|Win32
		{9224FD12-4839-4B04-8E40-16F8E088246B}.Release|Win32.ActiveCfg = Release|Win32
		{9224FD12-4839-4B04-8E40-16F8E088246B}.Release|Win32.Build.0 = Release|Win32
		{61954631-3857-4C20-9E7C-1DA7BAAFF426}.Debug|Win32.ActiveCfg = Debug|Win32
		{61954631-3857-4C20-9E7C-1DA7BAAFF426}.Debug|Win32.Build.0 = Debug|Win32
		{61954631-3857-4C20-9E7C-1DA7BAAFF426}.Release|Win32.ActiveCfg = Release|Win32
		{61954631-3857-4C20-9E7C-1DA7BAAFF426}.Release|Win32.Build.0 = Release|Win32
	EndGlobalSection
	GlobalSection(SolutionProperties) = preSolution
		HideSolutionNode = FALSE
	EndGlobalSection
EndGlobal
