
Microsoft Visual Studio Solution File, Format Version 11.00
# Visual C++ Express 2010
Project("{8BC9CEB8-8B4A-11D0-8D11-00A0C91BC942}") = "system_dll", "system_dll\system_dll.vcxproj", "{2558C6E2-046F-441D-9515-0FAB44F5A22E}"
EndProject
Project("{8BC9CEB8-8B4A-11D0-8D11-00A0C91BC942}") = "filesystem_dll", "filesystem_dll\filesystem_dll.vcxproj", "{2AAD90AC-4FD3-422F-9E99-1CEA3EF092ED}"
EndProject
Project("{8BC9CEB8-8B4A-11D0-8D11-00A0C91BC942}") = "btree_unit_test", "btree_unit_test\btree_unit_test.vcxproj", "{E66A140A-A833-49FA-BBC7-56E4034F8543}"
EndProject
Project("{8BC9CEB8-8B4A-11D0-8D11-00A0C91BC942}") = "stl_test", "stl_test\stl_test.vcxproj", "{3E0D6A30-14DC-42D2-8626-A35793DF26CA}"
	ProjectSection(ProjectDependencies) = postProject
		{2AAD90AC-4FD3-422F-9E99-1CEA3EF092ED} = {2AAD90AC-4FD3-422F-9E99-1CEA3EF092ED}
		{2558C6E2-046F-441D-9515-0FAB44F5A22E} = {2558C6E2-046F-441D-9515-0FAB44F5A22E}
	EndProjectSection
EndProject
Project("{8BC9CEB8-8B4A-11D0-8D11-00A0C91BC942}") = "bt_time", "bt_time\bt_time.vcxproj", "{9224FD12-4839-4B04-8E40-16F8E088246B}"
	ProjectSection(ProjectDependencies) = postProject
		{2AAD90AC-4FD3-422F-9E99-1CEA3EF092ED} = {2AAD90AC-4FD3-422F-9E99-1CEA3EF092ED}
		{2558C6E2-046F-441D-9515-0FAB44F5A22E} = {2558C6E2-046F-441D-9515-0FAB44F5A22E}
	EndProjectSection
EndProject
Project("{8BC9CEB8-8B4A-11D0-8D11-00A0C91BC942}") = "btree_dll", "btree_dll\btree_dll.vcxproj", "{61954631-3857-4C20-9E7C-1DA7BAAFF426}"
	ProjectSection(ProjectDependencies) = postProject
		{2AAD90AC-4FD3-422F-9E99-1CEA3EF092ED} = {2AAD90AC-4FD3-422F-9E99-1CEA3EF092ED}
		{2558C6E2-046F-441D-9515-0FAB44F5A22E} = {2558C6E2-046F-441D-9515-0FAB44F5A22E}
	EndProjectSection
EndProject
Project("{8BC9CEB8-8B4A-11D0-8D11-00A0C91BC942}") = "binary_file_test", "binary_file_test\binary_file_test.vcxproj", "{8BBA1500-915B-43EB-8689-60E6C9D5C994}"
EndProject
Project("{8BC9CEB8-8B4A-11D0-8D11-00A0C91BC942}") = "buffer_manager_test", "buffer_manager_test\buffer_manager_test.vcxproj", "{1B1C18E5-6433-427D-A27D-A9471D640A5B}"
EndProject
Project("{8BC9CEB8-8B4A-11D0-8D11-00A0C91BC942}") = "fixstr_test", "fixstr_test\fixstr_test.vcxproj", "{CEF69AC7-31D6-4E02-A2DC-DBEBB2960465}"
EndProject
Project("{8BC9CEB8-8B4A-11D0-8D11-00A0C91BC942}") = "large_file_test", "large_file_test\large_file_test.vcxproj", "{188F048F-5414-4D2C-81F4-2D6CBFC284DA}"
	ProjectSection(ProjectDependencies) = postProject
		{61954631-3857-4C20-9E7C-1DA7BAAFF426} = {61954631-3857-4C20-9E7C-1DA7BAAFF426}
		{2AAD90AC-4FD3-422F-9E99-1CEA3EF092ED} = {2AAD90AC-4FD3-422F-9E99-1CEA3EF092ED}
		{2558C6E2-046F-441D-9515-0FAB44F5A22E} = {2558C6E2-046F-441D-9515-0FAB44F5A22E}
	EndProjectSection
EndProject
Project("{8BC9CEB8-8B4A-11D0-8D11-00A0C91BC942}") = "experiments", "experiments\experiments.vcxproj", "{BFF80CC4-2B32-412D-B94B-CFFAF508FF02}"
EndProject
Project("{8BC9CEB8-8B4A-11D0-8D11-00A0C91BC942}") = "set_example1", "set_example1\set_example1.vcxproj", "{B3A2057D-137B-46AB-A957-1E582E16D400}"
	ProjectSection(ProjectDependencies) = postProject
		{61954631-3857-4C20-9E7C-1DA7BAAFF426} = {61954631-3857-4C20-9E7C-1DA7BAAFF426}
		{2AAD90AC-4FD3-422F-9E99-1CEA3EF092ED} = {2AAD90AC-4FD3-422F-9E99-1CEA3EF092ED}
		{2558C6E2-046F-441D-9515-0FAB44F5A22E} = {2558C6E2-046F-441D-9515-0FAB44F5A22E}
	EndProjectSection
EndProject
Project("{8BC9CEB8-8B4A-11D0-8D11-00A0C91BC942}") = "map_example1", "map_example1\map_example1.vcxproj", "{46D2D577-1992-4083-B594-D7F093134FBA}"
	ProjectSection(ProjectDependencies) = postProject
		{61954631-3857-4C20-9E7C-1DA7BAAFF426} = {61954631-3857-4C20-9E7C-1DA7BAAFF426}
		{2AAD90AC-4FD3-422F-9E99-1CEA3EF092ED} = {2AAD90AC-4FD3-422F-9E99-1CEA3EF092ED}
		{2558C6E2-046F-441D-9515-0FAB44F5A22E} = {2558C6E2-046F-441D-9515-0FAB44F5A22E}
	EndProjectSection
EndProject
Global
	GlobalSection(SolutionConfigurationPlatforms) = preSolution
		Debug|Win32 = Debug|Win32
		Release|Win32 = Release|Win32
	EndGlobalSection
	GlobalSection(ProjectConfigurationPlatforms) = postSolution
		{2558C6E2-046F-441D-9515-0FAB44F5A22E}.Debug|Win32.ActiveCfg = Debug|Win32
		{2558C6E2-046F-441D-9515-0FAB44F5A22E}.Debug|Win32.Build.0 = Debug|Win32
		{2558C6E2-046F-441D-9515-0FAB44F5A22E}.Release|Win32.ActiveCfg = Release|Win32
		{2558C6E2-046F-441D-9515-0FAB44F5A22E}.Release|Win32.Build.0 = Release|Win32
		{2AAD90AC-4FD3-422F-9E99-1CEA3EF092ED}.Debug|Win32.ActiveCfg = Debug|Win32
		{2AAD90AC-4FD3-422F-9E99-1CEA3EF092ED}.Debug|Win32.Build.0 = Debug|Win32
		{2AAD90AC-4FD3-422F-9E99-1CEA3EF092ED}.Release|Win32.ActiveCfg = Release|Win32
		{2AAD90AC-4FD3-422F-9E99-1CEA3EF092ED}.Release|Win32.Build.0 = Release|Win32
		{E66A140A-A833-49FA-BBC7-56E4034F8543}.Debug|Win32.ActiveCfg = Debug|Win32
		{E66A140A-A833-49FA-BBC7-56E4034F8543}.Debug|Win32.Build.0 = Debug|Win32
		{E66A140A-A833-49FA-BBC7-56E4034F8543}.Release|Win32.ActiveCfg = Release|Win32
		{E66A140A-A833-49FA-BBC7-56E4034F8543}.Release|Win32.Build.0 = Release|Win32
		{3E0D6A30-14DC-42D2-8626-A35793DF26CA}.Debug|Win32.ActiveCfg = Debug|Win32
		{3E0D6A30-14DC-42D2-8626-A35793DF26CA}.Debug|Win32.Build.0 = Debug|Win32
		{3E0D6A30-14DC-42D2-8626-A35793DF26CA}.Release|Win32.ActiveCfg = Release|Win32
		{3E0D6A30-14DC-42D2-8626-A35793DF26CA}.Release|Win32.Build.0 = Release|Win32
		{9224FD12-4839-4B04-8E40-16F8E088246B}.Debug|Win32.ActiveCfg = Debug|Win32
		{9224FD12-4839-4B04-8E40-16F8E088246B}.Debug|Win32.Build.0 = Debug|Win32
		{9224FD12-4839-4B04-8E40-16F8E088246B}.Release|Win32.ActiveCfg = Release|Win32
		{9224FD12-4839-4B04-8E40-16F8E088246B}.Release|Win32.Build.0 = Release|Win32
		{61954631-3857-4C20-9E7C-1DA7BAAFF426}.Debug|Win32.ActiveCfg = Debug|Win32
		{61954631-3857-4C20-9E7C-1DA7BAAFF426}.Debug|Win32.Build.0 = Debug|Win32
		{61954631-3857-4C20-9E7C-1DA7BAAFF426}.Release|Win32.ActiveCfg = Release|Win32
		{61954631-3857-4C20-9E7C-1DA7BAAFF426}.Release|Win32.Build.0 = Release|Win32
		{8BBA1500-915B-43EB-8689-60E6C9D5C994}.Debug|Win32.ActiveCfg = Debug|Win32
		{8BBA1500-915B-43EB-8689-60E6C9D5C994}.Debug|Win32.Build.0 = Debug|Win32
		{8BBA1500-915B-43EB-8689-60E6C9D5C994}.Release|Win32.ActiveCfg = Release|Win32
		{8BBA1500-915B-43EB-8689-60E6C9D5C994}.Release|Win32.Build.0 = Release|Win32
		{1B1C18E5-6433-427D-A27D-A9471D640A5B}.Debug|Win32.ActiveCfg = Debug|Win32
		{1B1C18E5-6433-427D-A27D-A9471D640A5B}.Debug|Win32.Build.0 = Debug|Win32
		{1B1C18E5-6433-427D-A27D-A9471D640A5B}.Release|Win32.ActiveCfg = Release|Win32
		{1B1C18E5-6433-427D-A27D-A9471D640A5B}.Release|Win32.Build.0 = Release|Win32
		{CEF69AC7-31D6-4E02-A2DC-DBEBB2960465}.Debug|Win32.ActiveCfg = Debug|Win32
		{CEF69AC7-31D6-4E02-A2DC-DBEBB2960465}.Debug|Win32.Build.0 = Debug|Win32
		{CEF69AC7-31D6-4E02-A2DC-DBEBB2960465}.Release|Win32.ActiveCfg = Release|Win32
		{CEF69AC7-31D6-4E02-A2DC-DBEBB2960465}.Release|Win32.Build.0 = Release|Win32
		{188F048F-5414-4D2C-81F4-2D6CBFC284DA}.Debug|Win32.ActiveCfg = Debug|Win32
		{188F048F-5414-4D2C-81F4-2D6CBFC284DA}.Debug|Win32.Build.0 = Debug|Win32
		{188F048F-5414-4D2C-81F4-2D6CBFC284DA}.Release|Win32.ActiveCfg = Release|Win32
		{188F048F-5414-4D2C-81F4-2D6CBFC284DA}.Release|Win32.Build.0 = Release|Win32
		{BFF80CC4-2B32-412D-B94B-CFFAF508FF02}.Debug|Win32.ActiveCfg = Debug|Win32
		{BFF80CC4-2B32-412D-B94B-CFFAF508FF02}.Release|Win32.ActiveCfg = Release|Win32
		{B3A2057D-137B-46AB-A957-1E582E16D400}.Debug|Win32.ActiveCfg = Debug|Win32
		{B3A2057D-137B-46AB-A957-1E582E16D400}.Debug|Win32.Build.0 = Debug|Win32
		{B3A2057D-137B-46AB-A957-1E582E16D400}.Release|Win32.ActiveCfg = Release|Win32
		{B3A2057D-137B-46AB-A957-1E582E16D400}.Release|Win32.Build.0 = Release|Win32
		{46D2D577-1992-4083-B594-D7F093134FBA}.Debug|Win32.ActiveCfg = Debug|Win32
		{46D2D577-1992-4083-B594-D7F093134FBA}.Debug|Win32.Build.0 = Debug|Win32
		{46D2D577-1992-4083-B594-D7F093134FBA}.Release|Win32.ActiveCfg = Release|Win32
		{46D2D577-1992-4083-B594-D7F093134FBA}.Release|Win32.Build.0 = Release|Win32
	EndGlobalSection
	GlobalSection(SolutionProperties) = preSolution
		HideSolutionNode = FALSE
	EndGlobalSection
EndGlobal
