
Microsoft Visual Studio Solution File, Format Version 10.00
# Visual C++ Express 2008
Project("{8BC9CEB8-8B4A-11D0-8D11-00A0C91BC942}") = "system_dll", "system_dll\system_dll.vcproj", "{2558C6E2-046F-441D-9515-0FAB44F5A22E}"
EndProject
Project("{8BC9CEB8-8B4A-11D0-8D11-00A0C91BC942}") = "filesystem_dll", "filesystem_dll\filesystem_dll.vcproj", "{2AAD90AC-4FD3-422F-9E99-1CEA3EF092ED}"
	ProjectSection(ProjectDependencies) = postProject
		{2558C6E2-046F-441D-9515-0FAB44F5A22E} = {2558C6E2-046F-441D-9515-0FAB44F5A22E}
	EndProjectSection
EndProject
Project("{8BC9CEB8-8B4A-11D0-8D11-00A0C91BC942}") = "btree_unit_test", "btree_unit_test\btree_unit_test.vcproj", "{E66A140A-A833-49FA-BBC7-56E4034F8543}"
	ProjectSection(ProjectDependencies) = postProject
		{E3F9EF62-94E9-4668-92C2-C5220CD0E8E8} = {E3F9EF62-94E9-4668-92C2-C5220CD0E8E8}
		{2AAD90AC-4FD3-422F-9E99-1CEA3EF092ED} = {2AAD90AC-4FD3-422F-9E99-1CEA3EF092ED}
		{2558C6E2-046F-441D-9515-0FAB44F5A22E} = {2558C6E2-046F-441D-9515-0FAB44F5A22E}
	EndProjectSection
EndProject
Project("{8BC9CEB8-8B4A-11D0-8D11-00A0C91BC942}") = "btree_dll", "btree_dll\btree_dll.vcproj", "{E3F9EF62-94E9-4668-92C2-C5220CD0E8E8}"
	ProjectSection(ProjectDependencies) = postProject
		{2AAD90AC-4FD3-422F-9E99-1CEA3EF092ED} = {2AAD90AC-4FD3-422F-9E99-1CEA3EF092ED}
		{2558C6E2-046F-441D-9515-0FAB44F5A22E} = {2558C6E2-046F-441D-9515-0FAB44F5A22E}
	EndProjectSection
EndProject
Global
	GlobalSection(SolutionConfigurationPlatforms) = preSolution
		Debug|Win32 = Debug|Win32
		Release|Win32 = Release|Win32
	EndGlobalSection
	GlobalSection(ProjectConfigurationPlatforms) = postSolution
		{2558C6E2-046F-441D-9515-0FAB44F5A22E}.Debug|Win32.ActiveCfg = Debug|Win32
		{2558C6E2-046F-441D-9515-0FAB44F5A22E}.Debug|Win32.Build.0 = Debug|Win32
		{2558C6E2-046F-441D-9515-0FAB44F5A22E}.Release|Win32.ActiveCfg = Release|Win32
		{2558C6E2-046F-441D-9515-0FAB44F5A22E}.Release|Win32.Build.0 = Release|Win32
		{2AAD90AC-4FD3-422F-9E99-1CEA3EF092ED}.Debug|Win32.ActiveCfg = Debug|Win32
		{2AAD90AC-4FD3-422F-9E99-1CEA3EF092ED}.Debug|Win32.Build.0 = Debug|Win32
		{2AAD90AC-4FD3-422F-9E99-1CEA3EF092ED}.Release|Win32.ActiveCfg = Release|Win32
		{2AAD90AC-4FD3-422F-9E99-1CEA3EF092ED}.Release|Win32.Build.0 = Release|Win32
		{E66A140A-A833-49FA-BBC7-56E4034F8543}.Debug|Win32.ActiveCfg = Debug|Win32
		{E66A140A-A833-49FA-BBC7-56E4034F8543}.Debug|Win32.Build.0 = Debug|Win32
		{E66A140A-A833-49FA-BBC7-56E4034F8543}.Release|Win32.ActiveCfg = Release|Win32
		{E66A140A-A833-49FA-BBC7-56E4034F8543}.Release|Win32.Build.0 = Release|Win32
		{E3F9EF62-94E9-4668-92C2-C5220CD0E8E8}.Debug|Win32.ActiveCfg = Debug|Win32
		{E3F9EF62-94E9-4668-92C2-C5220CD0E8E8}.Debug|Win32.Build.0 = Debug|Win32
		{E3F9EF62-94E9-4668-92C2-C5220CD0E8E8}.Release|Win32.ActiveCfg = Release|Win32
		{E3F9EF62-94E9-4668-92C2-C5220CD0E8E8}.Release|Win32.Build.0 = Release|Win32
	EndGlobalSection
	GlobalSection(SolutionProperties) = preSolution
		HideSolutionNode = FALSE
	EndGlobalSection
EndGlobal
